// !$*UTF8*$!
{
	archiveVersion = 1;
	classes = {
	};
	objectVersion = 56;
	objects = {

/* Begin PBXBuildFile section */
		3E09C3592A31C16B006724B6 /* MovieCD.xcdatamodeld in Sources */ = {isa = PBXBuildFile; fileRef = 3E09C3572A31C16B006724B6 /* MovieCD.xcdatamodeld */; };
		3E21B9902A2FB1C5004D321E /* LearnCoreDataApp.swift in Sources */ = {isa = PBXBuildFile; fileRef = 3E21B98F2A2FB1C5004D321E /* LearnCoreDataApp.swift */; };
		3E21B9942A2FB1C6004D321E /* Assets.xcassets in Resources */ = {isa = PBXBuildFile; fileRef = 3E21B9932A2FB1C6004D321E /* Assets.xcassets */; };
		3E21B9972A2FB1C6004D321E /* Preview Assets.xcassets in Resources */ = {isa = PBXBuildFile; fileRef = 3E21B9962A2FB1C6004D321E /* Preview Assets.xcassets */; };
		3E21B9A82A2FB481004D321E /* MoviePersistenceController.swift in Sources */ = {isa = PBXBuildFile; fileRef = 3E21B9A72A2FB481004D321E /* MoviePersistenceController.swift */; };
		3E21B9AA2A2FB55C004D321E /* MovieAPI.swift in Sources */ = {isa = PBXBuildFile; fileRef = 3E21B9A92A2FB55C004D321E /* MovieAPI.swift */; };
		3E21B9AC2A2FB58A004D321E /* Movie.swift in Sources */ = {isa = PBXBuildFile; fileRef = 3E21B9AB2A2FB58A004D321E /* Movie.swift */; };
		3E21B9AE2A2FB5A1004D321E /* DataError.swift in Sources */ = {isa = PBXBuildFile; fileRef = 3E21B9AD2A2FB5A1004D321E /* DataError.swift */; };
		3E21B9B02A2FB5B0004D321E /* MovieRating.swift in Sources */ = {isa = PBXBuildFile; fileRef = 3E21B9AF2A2FB5B0004D321E /* MovieRating.swift */; };
		3E21B9B52A2FB5E4004D321E /* MoviesView.swift in Sources */ = {isa = PBXBuildFile; fileRef = 3E21B9B42A2FB5E4004D321E /* MoviesView.swift */; };
		3E21B9B72A2FB5F5004D321E /* MovieCardView.swift in Sources */ = {isa = PBXBuildFile; fileRef = 3E21B9B62A2FB5F5004D321E /* MovieCardView.swift */; };
		3E21B9B92A2FB613004D321E /* MovieDetailsView.swift in Sources */ = {isa = PBXBuildFile; fileRef = 3E21B9B82A2FB613004D321E /* MovieDetailsView.swift */; };
		3E21B9BB2A2FB631004D321E /* MovieViewModel.swift in Sources */ = {isa = PBXBuildFile; fileRef = 3E21B9BA2A2FB631004D321E /* MovieViewModel.swift */; };
/* End PBXBuildFile section */

/* Begin PBXFileReference section */
		3E09C3582A31C16B006724B6 /* MovieCD.xcdatamodel */ = {isa = PBXFileReference; lastKnownFileType = wrapper.xcdatamodel; path = MovieCD.xcdatamodel; sourceTree = "<group>"; };
		3E21B98C2A2FB1C5004D321E /* LearnCoreData.app */ = {isa = PBXFileReference; explicitFileType = wrapper.application; includeInIndex = 0; path = LearnCoreData.app; sourceTree = BUILT_PRODUCTS_DIR; };
		3E21B98F2A2FB1C5004D321E /* LearnCoreDataApp.swift */ = {isa = PBXFileReference; lastKnownFileType = sourcecode.swift; path = LearnCoreDataApp.swift; sourceTree = "<group>"; };
		3E21B9932A2FB1C6004D321E /* Assets.xcassets */ = {isa = PBXFileReference; lastKnownFileType = folder.assetcatalog; path = Assets.xcassets; sourceTree = "<group>"; };
		3E21B9962A2FB1C6004D321E /* Preview Assets.xcassets */ = {isa = PBXFileReference; lastKnownFileType = folder.assetcatalog; path = "Preview Assets.xcassets"; sourceTree = "<group>"; };
		3E21B9A72A2FB481004D321E /* MoviePersistenceController.swift */ = {isa = PBXFileReference; lastKnownFileType = sourcecode.swift; path = MoviePersistenceController.swift; sourceTree = "<group>"; };
		3E21B9A92A2FB55C004D321E /* MovieAPI.swift */ = {isa = PBXFileReference; lastKnownFileType = sourcecode.swift; path = MovieAPI.swift; sourceTree = "<group>"; };
		3E21B9AB2A2FB58A004D321E /* Movie.swift */ = {isa = PBXFileReference; lastKnownFileType = sourcecode.swift; path = Movie.swift; sourceTree = "<group>"; };
		3E21B9AD2A2FB5A1004D321E /* DataError.swift */ = {isa = PBXFileReference; lastKnownFileType = sourcecode.swift; path = DataError.swift; sourceTree = "<group>"; };
		3E21B9AF2A2FB5B0004D321E /* MovieRating.swift */ = {isa = PBXFileReference; lastKnownFileType = sourcecode.swift; path = MovieRating.swift; sourceTree = "<group>"; };
		3E21B9B42A2FB5E4004D321E /* MoviesView.swift */ = {isa = PBXFileReference; lastKnownFileType = sourcecode.swift; path = MoviesView.swift; sourceTree = "<group>"; };
		3E21B9B62A2FB5F5004D321E /* MovieCardView.swift */ = {isa = PBXFileReference; lastKnownFileType = sourcecode.swift; path = MovieCardView.swift; sourceTree = "<group>"; };
		3E21B9B82A2FB613004D321E /* MovieDetailsView.swift */ = {isa = PBXFileReference; lastKnownFileType = sourcecode.swift; path = MovieDetailsView.swift; sourceTree = "<group>"; };
		3E21B9BA2A2FB631004D321E /* MovieViewModel.swift */ = {isa = PBXFileReference; lastKnownFileType = sourcecode.swift; path = MovieViewModel.swift; sourceTree = "<group>"; };
/* End PBXFileReference section */

/* Begin PBXFrameworksBuildPhase section */
		3E21B9892A2FB1C5004D321E /* Frameworks */ = {
			isa = PBXFrameworksBuildPhase;
			buildActionMask = 2147483647;
			files = (
			);
			runOnlyForDeploymentPostprocessing = 0;
		};
/* End PBXFrameworksBuildPhase section */

/* Begin PBXGroup section */
		3E21B9832A2FB1C5004D321E = {
			isa = PBXGroup;
			children = (
				3E21B98E2A2FB1C5004D321E /* LearnCoreData */,
				3E21B98D2A2FB1C5004D321E /* Products */,
			);
			sourceTree = "<group>";
		};
		3E21B98D2A2FB1C5004D321E /* Products */ = {
			isa = PBXGroup;
			children = (
				3E21B98C2A2FB1C5004D321E /* LearnCoreData.app */,
			);
			name = Products;
			sourceTree = "<group>";
		};
		3E21B98E2A2FB1C5004D321E /* LearnCoreData */ = {
			isa = PBXGroup;
			children = (
				3E21B9A62A2FB455004D321E /* UI Layer */,
				3E21B9A32A2FB3F7004D321E /* DataLayer */,
				3E21B98F2A2FB1C5004D321E /* LearnCoreDataApp.swift */,
				3E21B9932A2FB1C6004D321E /* Assets.xcassets */,
				3E21B9952A2FB1C6004D321E /* Preview Content */,
			);
			path = LearnCoreData;
			sourceTree = "<group>";
		};
		3E21B9952A2FB1C6004D321E /* Preview Content */ = {
			isa = PBXGroup;
			children = (
				3E21B9962A2FB1C6004D321E /* Preview Assets.xcassets */,
			);
			path = "Preview Content";
			sourceTree = "<group>";
		};
		3E21B9A22A2FB3E8004D321E /* Networking */ = {
			isa = PBXGroup;
			children = (
				3E21B9A92A2FB55C004D321E /* MovieAPI.swift */,
			);
			path = Networking;
			sourceTree = "<group>";
		};
		3E21B9A32A2FB3F7004D321E /* DataLayer */ = {
			isa = PBXGroup;
			children = (
				3E21B9A52A2FB410004D321E /* CoreData */,
				3E21B9A42A2FB40B004D321E /* Models */,
				3E21B9A22A2FB3E8004D321E /* Networking */,
			);
			path = DataLayer;
			sourceTree = "<group>";
		};
		3E21B9A42A2FB40B004D321E /* Models */ = {
			isa = PBXGroup;
			children = (
				3E21B9AB2A2FB58A004D321E /* Movie.swift */,
				3E21B9AD2A2FB5A1004D321E /* DataError.swift */,
				3E21B9AF2A2FB5B0004D321E /* MovieRating.swift */,
			);
			path = Models;
			sourceTree = "<group>";
		};
		3E21B9A52A2FB410004D321E /* CoreData */ = {
			isa = PBXGroup;
			children = (
				3E09C3572A31C16B006724B6 /* MovieCD.xcdatamodeld */,
				3E21B9A72A2FB481004D321E /* MoviePersistenceController.swift */,
			);
			path = CoreData;
			sourceTree = "<group>";
		};
		3E21B9A62A2FB455004D321E /* UI Layer */ = {
			isa = PBXGroup;
			children = (
				3E21B9B32A2FB5D4004D321E /* Views */,
				3E21B9B22A2FB5CE004D321E /* View Models */,
				3E21B9B12A2FB5C6004D321E /* Models */,
			);
			path = "UI Layer";
			sourceTree = "<group>";
		};
		3E21B9B12A2FB5C6004D321E /* Models */ = {
			isa = PBXGroup;
			children = (
			);
			path = Models;
			sourceTree = "<group>";
		};
		3E21B9B22A2FB5CE004D321E /* View Models */ = {
			isa = PBXGroup;
			children = (
				3E21B9BA2A2FB631004D321E /* MovieViewModel.swift */,
			);
			path = "View Models";
			sourceTree = "<group>";
		};
		3E21B9B32A2FB5D4004D321E /* Views */ = {
			isa = PBXGroup;
			children = (
				3E21B9B42A2FB5E4004D321E /* MoviesView.swift */,
				3E21B9B62A2FB5F5004D321E /* MovieCardView.swift */,
				3E21B9B82A2FB613004D321E /* MovieDetailsView.swift */,
			);
			path = Views;
			sourceTree = "<group>";
		};
/* End PBXGroup section */

/* Begin PBXNativeTarget section */
		3E21B98B2A2FB1C5004D321E /* LearnCoreData */ = {
			isa = PBXNativeTarget;
			buildConfigurationList = 3E21B99F2A2FB1C6004D321E /* Build configuration list for PBXNativeTarget "LearnCoreData" */;
			buildPhases = (
				3E21B9882A2FB1C5004D321E /* Sources */,
				3E21B9892A2FB1C5004D321E /* Frameworks */,
				3E21B98A2A2FB1C5004D321E /* Resources */,
			);
			buildRules = (
			);
			dependencies = (
			);
			name = LearnCoreData;
			productName = LearnCoreData;
			productReference = 3E21B98C2A2FB1C5004D321E /* LearnCoreData.app */;
			productType = "com.apple.product-type.application";
		};
/* End PBXNativeTarget section */

/* Begin PBXProject section */
		3E21B9842A2FB1C5004D321E /* Project object */ = {
			isa = PBXProject;
			attributes = {
				BuildIndependentTargetsInParallel = 1;
				LastSwiftUpdateCheck = 1430;
				LastUpgradeCheck = 1430;
				TargetAttributes = {
					3E21B98B2A2FB1C5004D321E = {
						CreatedOnToolsVersion = 14.3;
					};
				};
			};
			buildConfigurationList = 3E21B9872A2FB1C5004D321E /* Build configuration list for PBXProject "LearnCoreData" */;
			compatibilityVersion = "Xcode 14.0";
			developmentRegion = en;
			hasScannedForEncodings = 0;
			knownRegions = (
				en,
				Base,
			);
			mainGroup = 3E21B9832A2FB1C5004D321E;
			productRefGroup = 3E21B98D2A2FB1C5004D321E /* Products */;
			projectDirPath = "";
			projectRoot = "";
			targets = (
				3E21B98B2A2FB1C5004D321E /* LearnCoreData */,
			);
		};
/* End PBXProject section */

/* Begin PBXResourcesBuildPhase section */
		3E21B98A2A2FB1C5004D321E /* Resources */ = {
			isa = PBXResourcesBuildPhase;
			buildActionMask = 2147483647;
			files = (
				3E21B9972A2FB1C6004D321E /* Preview Assets.xcassets in Resources */,
				3E21B9942A2FB1C6004D321E /* Assets.xcassets in Resources */,
			);
			runOnlyForDeploymentPostprocessing = 0;
		};
/* End PBXResourcesBuildPhase section */

/* Begin PBXSourcesBuildPhase section */
		3E21B9882A2FB1C5004D321E /* Sources */ = {
			isa = PBXSourcesBuildPhase;
			buildActionMask = 2147483647;
			files = (
				3E09C3592A31C16B006724B6 /* MovieCD.xcdatamodeld in Sources */,
				3E21B9B72A2FB5F5004D321E /* MovieCardView.swift in Sources */,
				3E21B9B92A2FB613004D321E /* MovieDetailsView.swift in Sources */,
				3E21B9B02A2FB5B0004D321E /* MovieRating.swift in Sources */,
				3E21B9A82A2FB481004D321E /* MoviePersistenceController.swift in Sources */,
				3E21B9AC2A2FB58A004D321E /* Movie.swift in Sources */,
				3E21B9902A2FB1C5004D321E /* LearnCoreDataApp.swift in Sources */,
				3E21B9AE2A2FB5A1004D321E /* DataError.swift in Sources */,
				3E21B9B52A2FB5E4004D321E /* MoviesView.swift in Sources */,
				3E21B9AA2A2FB55C004D321E /* MovieAPI.swift in Sources */,
				3E21B9BB2A2FB631004D321E /* MovieViewModel.swift in Sources */,
			);
			runOnlyForDeploymentPostprocessing = 0;
		};
/* End PBXSourcesBuildPhase section */

/* Begin XCBuildConfiguration section */
		3E21B99D2A2FB1C6004D321E /* Debug */ = {
			isa = XCBuildConfiguration;
			buildSettings = {
				ALWAYS_SEARCH_USER_PATHS = NO;
				CLANG_ANALYZER_NONNULL = YES;
				CLANG_ANALYZER_NUMBER_OBJECT_CONVERSION = YES_AGGRESSIVE;
				CLANG_CXX_LANGUAGE_STANDARD = "gnu++20";
				CLANG_ENABLE_MODULES = YES;
				CLANG_ENABLE_OBJC_ARC = YES;
				CLANG_ENABLE_OBJC_WEAK = YES;
				CLANG_WARN_BLOCK_CAPTURE_AUTORELEASING = YES;
				CLANG_WARN_BOOL_CONVERSION = YES;
				CLANG_WARN_COMMA = YES;
				CLANG_WARN_CONSTANT_CONVERSION = YES;
				CLANG_WARN_DEPRECATED_OBJC_IMPLEMENTATIONS = YES;
				CLANG_WARN_DIRECT_OBJC_ISA_USAGE = YES_ERROR;
				CLANG_WARN_DOCUMENTATION_COMMENTS = YES;
				CLANG_WARN_EMPTY_BODY = YES;
				CLANG_WARN_ENUM_CONVERSION = YES;
				CLANG_WARN_INFINITE_RECURSION = YES;
				CLANG_WARN_INT_CONVERSION = YES;
				CLANG_WARN_NON_LITERAL_NULL_CONVERSION = YES;
				CLANG_WARN_OBJC_IMPLICIT_RETAIN_SELF = YES;
				CLANG_WARN_OBJC_LITERAL_CONVERSION = YES;
				CLANG_WARN_OBJC_ROOT_CLASS = YES_ERROR;
				CLANG_WARN_QUOTED_INCLUDE_IN_FRAMEWORK_HEADER = YES;
				CLANG_WARN_RANGE_LOOP_ANALYSIS = YES;
				CLANG_WARN_STRICT_PROTOTYPES = YES;
				CLANG_WARN_SUSPICIOUS_MOVE = YES;
				CLANG_WARN_UNGUARDED_AVAILABILITY = YES_AGGRESSIVE;
				CLANG_WARN_UNREACHABLE_CODE = YES;
				CLANG_WARN__DUPLICATE_METHOD_MATCH = YES;
				COPY_PHASE_STRIP = NO;
				DEBUG_INFORMATION_FORMAT = dwarf;
				ENABLE_STRICT_OBJC_MSGSEND = YES;
				ENABLE_TESTABILITY = YES;
				GCC_C_LANGUAGE_STANDARD = gnu11;
				GCC_DYNAMIC_NO_PIC = NO;
				GCC_NO_COMMON_BLOCKS = YES;
				GCC_OPTIMIZATION_LEVEL = 0;
				GCC_PREPROCESSOR_DEFINITIONS = (
					"DEBUG=1",
					"$(inherited)",
				);
				GCC_WARN_64_TO_32_BIT_CONVERSION = YES;
				GCC_WARN_ABOUT_RETURN_TYPE = YES_ERROR;
				GCC_WARN_UNDECLARED_SELECTOR = YES;
				GCC_WARN_UNINITIALIZED_AUTOS = YES_AGGRESSIVE;
				GCC_WARN_UNUSED_FUNCTION = YES;
				GCC_WARN_UNUSED_VARIABLE = YES;
				IPHONEOS_DEPLOYMENT_TARGET = 16.4;
				MTL_ENABLE_DEBUG_INFO = INCLUDE_SOURCE;
				MTL_FAST_MATH = YES;
				ONLY_ACTIVE_ARCH = YES;
				SDKROOT = iphoneos;
				SWIFT_ACTIVE_COMPILATION_CONDITIONS = DEBUG;
				SWIFT_OPTIMIZATION_LEVEL = "-Onone";
			};
			name = Debug;
		};
		3E21B99E2A2FB1C6004D321E /* Release */ = {
			isa = XCBuildConfiguration;
			buildSettings = {
				ALWAYS_SEARCH_USER_PATHS = NO;
				CLANG_ANALYZER_NONNULL = YES;
				CLANG_ANALYZER_NUMBER_OBJECT_CONVERSION = YES_AGGRESSIVE;
				CLANG_CXX_LANGUAGE_STANDARD = "gnu++20";
				CLANG_ENABLE_MODULES = YES;
				CLANG_ENABLE_OBJC_ARC = YES;
				CLANG_ENABLE_OBJC_WEAK = YES;
				CLANG_WARN_BLOCK_CAPTURE_AUTORELEASING = YES;
				CLANG_WARN_BOOL_CONVERSION = YES;
				CLANG_WARN_COMMA = YES;
				CLANG_WARN_CONSTANT_CONVERSION = YES;
				CLANG_WARN_DEPRECATED_OBJC_IMPLEMENTATIONS = YES;
				CLANG_WARN_DIRECT_OBJC_ISA_USAGE = YES_ERROR;
				CLANG_WARN_DOCUMENTATION_COMMENTS = YES;
				CLANG_WARN_EMPTY_BODY = YES;
				CLANG_WARN_ENUM_CONVERSION = YES;
				CLANG_WARN_INFINITE_RECURSION = YES;
				CLANG_WARN_INT_CONVERSION = YES;
				CLANG_WARN_NON_LITERAL_NULL_CONVERSION = YES;
				CLANG_WARN_OBJC_IMPLICIT_RETAIN_SELF = YES;
				CLANG_WARN_OBJC_LITERAL_CONVERSION = YES;
				CLANG_WARN_OBJC_ROOT_CLASS = YES_ERROR;
				CLANG_WARN_QUOTED_INCLUDE_IN_FRAMEWORK_HEADER = YES;
				CLANG_WARN_RANGE_LOOP_ANALYSIS = YES;
				CLANG_WARN_STRICT_PROTOTYPES = YES;
				CLANG_WARN_SUSPICIOUS_MOVE = YES;
				CLANG_WARN_UNGUARDED_AVAILABILITY = YES_AGGRESSIVE;
				CLANG_WARN_UNREACHABLE_CODE = YES;
				CLANG_WARN__DUPLICATE_METHOD_MATCH = YES;
				COPY_PHASE_STRIP = NO;
				DEBUG_INFORMATION_FORMAT = "dwarf-with-dsym";
				ENABLE_NS_ASSERTIONS = NO;
				ENABLE_STRICT_OBJC_MSGSEND = YES;
				GCC_C_LANGUAGE_STANDARD = gnu11;
				GCC_NO_COMMON_BLOCKS = YES;
				GCC_WARN_64_TO_32_BIT_CONVERSION = YES;
				GCC_WARN_ABOUT_RETURN_TYPE = YES_ERROR;
				GCC_WARN_UNDECLARED_SELECTOR = YES;
				GCC_WARN_UNINITIALIZED_AUTOS = YES_AGGRESSIVE;
				GCC_WARN_UNUSED_FUNCTION = YES;
				GCC_WARN_UNUSED_VARIABLE = YES;
				IPHONEOS_DEPLOYMENT_TARGET = 16.4;
				MTL_ENABLE_DEBUG_INFO = NO;
				MTL_FAST_MATH = YES;
				SDKROOT = iphoneos;
				SWIFT_COMPILATION_MODE = wholemodule;
				SWIFT_OPTIMIZATION_LEVEL = "-O";
				VALIDATE_PRODUCT = YES;
			};
			name = Release;
		};
		3E21B9A02A2FB1C6004D321E /* Debug */ = {
			isa = XCBuildConfiguration;
			buildSettings = {
				ASSETCATALOG_COMPILER_APPICON_NAME = AppIcon;
				ASSETCATALOG_COMPILER_GLOBAL_ACCENT_COLOR_NAME = AccentColor;
				CODE_SIGN_STYLE = Automatic;
				CURRENT_PROJECT_VERSION = 1;
				DEVELOPMENT_ASSET_PATHS = "\"LearnCoreData/Preview Content\"";
				DEVELOPMENT_TEAM = T74HYBPW22;
				ENABLE_PREVIEWS = YES;
				GENERATE_INFOPLIST_FILE = YES;
				INFOPLIST_KEY_UIApplicationSceneManifest_Generation = YES;
				INFOPLIST_KEY_UIApplicationSupportsIndirectInputEvents = YES;
				INFOPLIST_KEY_UILaunchScreen_Generation = YES;
				INFOPLIST_KEY_UISupportedInterfaceOrientations_iPad = "UIInterfaceOrientationPortrait UIInterfaceOrientationPortraitUpsideDown UIInterfaceOrientationLandscapeLeft UIInterfaceOrientationLandscapeRight";
				INFOPLIST_KEY_UISupportedInterfaceOrientations_iPhone = "UIInterfaceOrientationPortrait UIInterfaceOrientationLandscapeLeft UIInterfaceOrientationLandscapeRight";
				LD_RUNPATH_SEARCH_PATHS = (
					"$(inherited)",
					"@executable_path/Frameworks",
				);
				MARKETING_VERSION = 1.0;
				PRODUCT_BUNDLE_IDENTIFIER = ettari.simona.LearnCoreData;
				PRODUCT_NAME = "$(TARGET_NAME)";
				SWIFT_EMIT_LOC_STRINGS = YES;
				SWIFT_VERSION = 5.0;
				TARGETED_DEVICE_FAMILY = "1,2";
			};
			name = Debug;
		};
		3E21B9A12A2FB1C6004D321E /* Release */ = {
			isa = XCBuildConfiguration;
			buildSettings = {
				ASSETCATALOG_COMPILER_APPICON_NAME = AppIcon;
				ASSETCATALOG_COMPILER_GLOBAL_ACCENT_COLOR_NAME = AccentColor;
				CODE_SIGN_STYLE = Automatic;
				CURRENT_PROJECT_VERSION = 1;
				DEVELOPMENT_ASSET_PATHS = "\"LearnCoreData/Preview Content\"";
				DEVELOPMENT_TEAM = T74HYBPW22;
				ENABLE_PREVIEWS = YES;
				GENERATE_INFOPLIST_FILE = YES;
				INFOPLIST_KEY_UIApplicationSceneManifest_Generation = YES;
				INFOPLIST_KEY_UIApplicationSupportsIndirectInputEvents = YES;
				INFOPLIST_KEY_UILaunchScreen_Generation = YES;
				INFOPLIST_KEY_UISupportedInterfaceOrientations_iPad = "UIInterfaceOrientationPortrait UIInterfaceOrientationPortraitUpsideDown UIInterfaceOrientationLandscapeLeft UIInterfaceOrientationLandscapeRight";
				INFOPLIST_KEY_UISupportedInterfaceOrientations_iPhone = "UIInterfaceOrientationPortrait UIInterfaceOrientationLandscapeLeft UIInterfaceOrientationLandscapeRight";
				LD_RUNPATH_SEARCH_PATHS = (
					"$(inherited)",
					"@executable_path/Frameworks",
				);
				MARKETING_VERSION = 1.0;
				PRODUCT_BUNDLE_IDENTIFIER = ettari.simona.LearnCoreData;
				PRODUCT_NAME = "$(TARGET_NAME)";
				SWIFT_EMIT_LOC_STRINGS = YES;
				SWIFT_VERSION = 5.0;
				TARGETED_DEVICE_FAMILY = "1,2";
			};
			name = Release;
		};
/* End XCBuildConfiguration section */

/* Begin XCConfigurationList section */
		3E21B9872A2FB1C5004D321E /* Build configuration list for PBXProject "LearnCoreData" */ = {
			isa = XCConfigurationList;
			buildConfigurations = (
				3E21B99D2A2FB1C6004D321E /* Debug */,
				3E21B99E2A2FB1C6004D321E /* Release */,
			);
			defaultConfigurationIsVisible = 0;
			defaultConfigurationName = Release;
		};
		3E21B99F2A2FB1C6004D321E /* Build configuration list for PBXNativeTarget "LearnCoreData" */ = {
			isa = XCConfigurationList;
			buildConfigurations = (
				3E21B9A02A2FB1C6004D321E /* Debug */,
				3E21B9A12A2FB1C6004D321E /* Release */,
			);
			defaultConfigurationIsVisible = 0;
			defaultConfigurationName = Release;
		};
/* End XCConfigurationList section */

/* Begin XCVersionGroup section */
		3E09C3572A31C16B006724B6 /* MovieCD.xcdatamodeld */ = {
			isa = XCVersionGroup;
			children = (
				3E09C3582A31C16B006724B6 /* MovieCD.xcdatamodel */,
			);
			currentVersion = 3E09C3582A31C16B006724B6 /* MovieCD.xcdatamodel */;
			path = MovieCD.xcdatamodeld;
			sourceTree = "<group>";
			versionGroupType = wrapper.xcdatamodel;
		};
/* End XCVersionGroup section */
	};
	rootObject = 3E21B9842A2FB1C5004D321E /* Project object */;
}
